
Microsoft Visual Studio Solution File, Format Version 12.00
# Visual Studio Version 16
VisualStudioVersion = 16.0.31313.79
MinimumVisualStudioVersion = 10.0.40219.1
Project("{FAE04EC0-301F-11D3-BF4B-00C04F79EFBC}") = "RtfsCalculator", "RtfsCalculator\RtfsCalculator.csproj", "{B7291D00-CFA4-4754-B59E-BAED9E929BAE}"
EndProject
Project("{FAE04EC0-301F-11D3-BF4B-00C04F79EFBC}") = "RtfsCalculator.Test", "RtfsCalculator.Test\RtfsCalculator.Test.csproj", "{8A96DB99-CEB1-46CA-91BF-CBF5D1EA93F5}"
EndProject
Global
	GlobalSection(SolutionConfigurationPlatforms) = preSolution
		Debug|Any CPU = Debug|Any CPU
		Release|Any CPU = Release|Any CPU
	EndGlobalSection
	GlobalSection(ProjectConfigurationPlatforms) = postSolution
		{B7291D00-CFA4-4754-B59E-BAED9E929BAE}.Debug|Any CPU.ActiveCfg = Debug|Any CPU
		{B7291D00-CFA4-4754-B59E-BAED9E929BAE}.Debug|Any CPU.Build.0 = Debug|Any CPU
		{B7291D00-CFA4-4754-B59E-BAED9E929BAE}.Release|Any CPU.ActiveCfg = Release|Any CPU
		{B7291D00-CFA4-4754-B59E-BAED9E929BAE}.Release|Any CPU.Build.0 = Release|Any CPU
		{8A96DB99-CEB1-46CA-91BF-CBF5D1EA93F5}.Debug|Any CPU.ActiveCfg = Debug|Any CPU
		{8A96DB99-CEB1-46CA-91BF-CBF5D1EA93F5}.Debug|Any CPU.Build.0 = Debug|Any CPU
		{8A96DB99-CEB1-46CA-91BF-CBF5D1EA93F5}.Release|Any CPU.ActiveCfg = Release|Any CPU
		{8A96DB99-CEB1-46CA-91BF-CBF5D1EA93F5}.Release|Any CPU.Build.0 = Release|Any CPU
	EndGlobalSection
	GlobalSection(SolutionProperties) = preSolution
		HideSolutionNode = FALSE
	EndGlobalSection
	GlobalSection(ExtensibilityGlobals) = postSolution
		SolutionGuid = {926AE39F-18DC-4B40-ACAC-E35E85ACF320}
	EndGlobalSection
EndGlobal
